
Microsoft Visual Studio Solution File, Format Version 12.00
# Visual Studio Version 17
VisualStudioVersion = 17.8.34309.116
MinimumVisualStudioVersion = 10.0.40219.1
Project("{FAE04EC0-301F-11D3-BF4B-00C04F79EFBC}") = "LatihanGitHub_Rara", "LatihanGitHub_Rara\LatihanGitHub_Rara.csproj", "{661162ED-DA44-49E7-A3F8-17F490C476A8}"
EndProject
Global
	GlobalSection(SolutionConfigurationPlatforms) = preSolution
		Debug|Any CPU = Debug|Any CPU
		Release|Any CPU = Release|Any CPU
	EndGlobalSection
	GlobalSection(ProjectConfigurationPlatforms) = postSolution
		{661162ED-DA44-49E7-A3F8-17F490C476A8}.Debug|Any CPU.ActiveCfg = Debug|Any CPU
		{661162ED-DA44-49E7-A3F8-17F490C476A8}.Debug|Any CPU.Build.0 = Debug|Any CPU
		{661162ED-DA44-49E7-A3F8-17F490C476A8}.Release|Any CPU.ActiveCfg = Release|Any CPU
		{661162ED-DA44-49E7-A3F8-17F490C476A8}.Release|Any CPU.Build.0 = Release|Any CPU
	EndGlobalSection
	GlobalSection(SolutionProperties) = preSolution
		HideSolutionNode = FALSE
	EndGlobalSection
	GlobalSection(ExtensibilityGlobals) = postSolution
		SolutionGuid = {056C3531-689F-4A26-9F2F-5B421EBAE31D}
	EndGlobalSection
EndGlobal
